
Microsoft Visual Studio Solution File, Format Version 12.00
# Visual Studio 15
VisualStudioVersion = 15.0.28010.2050
MinimumVisualStudioVersion = 10.0.40219.1
Project("{9A19103F-16F7-4668-BE54-9A1E7A4F7556}") = "TaskDialog", "TaskDialog\TaskDialog.csproj", "{38F2BA6E-EC02-4D24-8467-834A099EDF4A}"
EndProject
Project("{FAE04EC0-301F-11D3-BF4B-00C04F79EFBC}") = "TaskDialog.Example", "TaskDialog.Example\TaskDialog.Example.csproj", "{1C6E0A8F-93F3-4233-88F0-00F05A7AA34E}"
EndProject
Global
	GlobalSection(SolutionConfigurationPlatforms) = preSolution
		Debug|Any CPU = Debug|Any CPU
		Release|Any CPU = Release|Any CPU
	EndGlobalSection
	GlobalSection(ProjectConfigurationPlatforms) = postSolution
		{38F2BA6E-EC02-4D24-8467-834A099EDF4A}.Debug|Any CPU.ActiveCfg = Debug|Any CPU
		{38F2BA6E-EC02-4D24-8467-834A099EDF4A}.Debug|Any CPU.Build.0 = Debug|Any CPU
		{38F2BA6E-EC02-4D24-8467-834A099EDF4A}.Release|Any CPU.ActiveCfg = Release|Any CPU
		{38F2BA6E-EC02-4D24-8467-834A099EDF4A}.Release|Any CPU.Build.0 = Release|Any CPU
		{1C6E0A8F-93F3-4233-88F0-00F05A7AA34E}.Debug|Any CPU.ActiveCfg = Debug|Any CPU
		{1C6E0A8F-93F3-4233-88F0-00F05A7AA34E}.Debug|Any CPU.Build.0 = Debug|Any CPU
		{1C6E0A8F-93F3-4233-88F0-00F05A7AA34E}.Release|Any CPU.ActiveCfg = Release|Any CPU
		{1C6E0A8F-93F3-4233-88F0-00F05A7AA34E}.Release|Any CPU.Build.0 = Release|Any CPU
	EndGlobalSection
	GlobalSection(SolutionProperties) = preSolution
		HideSolutionNode = FALSE
	EndGlobalSection
	GlobalSection(ExtensibilityGlobals) = postSolution
		SolutionGuid = {CF01D255-7493-42FE-8EFE-9E11D68BF2EE}
	EndGlobalSection
EndGlobal
